
Microsoft Visual Studio Solution File, Format Version 12.00
# Visual Studio Version 18
VisualStudioVersion = 18.2.11415.280
MinimumVisualStudioVersion = 10.0.40219.1
Project("{9A19103F-16F7-4668-BE54-9A1E7A4F7556}") = "TightWiki.Web", "TightWiki.Web\TightWiki.Web.csproj", "{D738E581-7699-4C8D-B965-92970C75C110}"
EndProject
Project("{9A19103F-16F7-4668-BE54-9A1E7A4F7556}") = "TightWiki.Web.Engine", "TightWiki.Web.Engine\TightWiki.Web.Engine.csproj", "{06FEB53F-CCB0-4A52-8C92-588AE33B52A3}"
EndProject
Project("{9A19103F-16F7-4668-BE54-9A1E7A4F7556}") = "DummyPageGenerator", "DummyPageGenerator\DummyPageGenerator.csproj", "{829D715C-700C-418F-974C-72060A88EED7}"
EndProject
Project("{2150E333-8FDC-42A3-9474-1A3956D46DE8}") = "Utilities", "Utilities", "{B20FC982-E0BE-4893-A3B4-535C3E48EBE6}"
EndProject
Project("{2150E333-8FDC-42A3-9474-1A3956D46DE8}") = "Documentation", "Documentation", "{37166B8B-6665-4D4C-B29E-67CA9D68E5EF}"
	ProjectSection(SolutionItems) = preProject
		Highlight.js.md = Highlight.js.md
		Notes.md = Notes.md
	EndProjectSection
EndProject
Project("{2150E333-8FDC-42A3-9474-1A3956D46DE8}") = "Shared", "Shared", "{66FB66E3-739C-44E8-B692-B714F41C3641}"
EndProject
Project("{FAE04EC0-301F-11D3-BF4B-00C04F79EFBC}") = "TranslationAI", "TranslationAI\TranslationAI.csproj", "{1CCE8C25-2C71-4BA7-8483-162A3C2C280E}"
EndProject
Project("{2150E333-8FDC-42A3-9474-1A3956D46DE8}") = "Solution Items", "Solution Items", "{A34401D7-9C69-47E9-9284-6E0AEDADB572}"
	ProjectSection(SolutionItems) = preProject
		Directory.Packages.props = Directory.Packages.props
		README.md = README.md
	EndProjectSection
EndProject
Project("{FAE04EC0-301F-11D3-BF4B-00C04F79EFBC}") = "TightWiki.Infrastructure", "TightWiki.Infrastructure\TightWiki.Infrastructure.csproj", "{FDEAF36D-D334-47FD-863C-A3335FA4C1A7}"
EndProject
Project("{2150E333-8FDC-42A3-9474-1A3956D46DE8}") = "Application", "Application", "{76453F6E-3503-4212-88A6-F423292024B2}"
EndProject
Project("{2150E333-8FDC-42A3-9474-1A3956D46DE8}") = "Browser", "Browser", "{57296397-C1C2-4AA9-829B-2424EAD73460}"
EndProject
Project("{FAE04EC0-301F-11D3-BF4B-00C04F79EFBC}") = "TightWiki.Application", "TightWiki.Application\TightWiki.Application.csproj", "{5875EBB1-01BE-2D17-3613-D0BAD09CBB40}"
EndProject
Project("{FAE04EC0-301F-11D3-BF4B-00C04F79EFBC}") = "TightWiki.PublicAPI", "TightWiki.PublicAPI\TightWiki.PublicAPI.csproj", "{6E30CA9C-96DA-4365-8527-C2700D006B6E}"
EndProject
Project("{2150E333-8FDC-42A3-9474-1A3956D46DE8}") = "PublicApi", "PublicApi", "{7F23AF5F-04D4-4A6E-810C-4D68B51D64EA}"
EndProject
Project("{FAE04EC0-301F-11D3-BF4B-00C04F79EFBC}") = "TightWiki.Web.Bff", "TightWiki.Web.Bff\TightWiki.Web.Bff.csproj", "{FEE19A98-D706-49B7-95F4-84C05CCBED37}"
EndProject
Project("{FAE04EC0-301F-11D3-BF4B-00C04F79EFBC}") = "TightWiki.Contracts", "TightWiki.Contracts\TightWiki.Contracts.csproj", "{93413769-59AD-4D37-87FC-F2E2314433E4}"
EndProject
Project("{FAE04EC0-301F-11D3-BF4B-00C04F79EFBC}") = "TightWiki.Utils", "TightWiki.Utils\TightWiki.Utils.csproj", "{7B6BE32A-77EE-4534-8832-E94869480459}"
EndProject
Project("{FAE04EC0-301F-11D3-BF4B-00C04F79EFBC}") = "TightWiki.Localisation", "TightWiki.Localisation\TightWiki.Localisation.csproj", "{CD860922-29DB-4B49-970C-F812CCDD33E6}"
EndProject
Global
	GlobalSection(SolutionConfigurationPlatforms) = preSolution
		Debug|Any CPU = Debug|Any CPU
		Release|Any CPU = Release|Any CPU
	EndGlobalSection
	GlobalSection(ProjectConfigurationPlatforms) = postSolution
		{D738E581-7699-4C8D-B965-92970C75C110}.Debug|Any CPU.ActiveCfg = Debug|Any CPU
		{D738E581-7699-4C8D-B965-92970C75C110}.Debug|Any CPU.Build.0 = Debug|Any CPU
		{D738E581-7699-4C8D-B965-92970C75C110}.Release|Any CPU.ActiveCfg = Release|Any CPU
		{D738E581-7699-4C8D-B965-92970C75C110}.Release|Any CPU.Build.0 = Release|Any CPU
		{06FEB53F-CCB0-4A52-8C92-588AE33B52A3}.Debug|Any CPU.ActiveCfg = Debug|Any CPU
		{06FEB53F-CCB0-4A52-8C92-588AE33B52A3}.Debug|Any CPU.Build.0 = Debug|Any CPU
		{06FEB53F-CCB0-4A52-8C92-588AE33B52A3}.Release|Any CPU.ActiveCfg = Release|Any CPU
		{06FEB53F-CCB0-4A52-8C92-588AE33B52A3}.Release|Any CPU.Build.0 = Release|Any CPU
		{829D715C-700C-418F-974C-72060A88EED7}.Debug|Any CPU.ActiveCfg = Debug|Any CPU
		{829D715C-700C-418F-974C-72060A88EED7}.Debug|Any CPU.Build.0 = Debug|Any CPU
		{829D715C-700C-418F-974C-72060A88EED7}.Release|Any CPU.ActiveCfg = Release|Any CPU
		{829D715C-700C-418F-974C-72060A88EED7}.Release|Any CPU.Build.0 = Release|Any CPU
		{1CCE8C25-2C71-4BA7-8483-162A3C2C280E}.Debug|Any CPU.ActiveCfg = Debug|Any CPU
		{1CCE8C25-2C71-4BA7-8483-162A3C2C280E}.Debug|Any CPU.Build.0 = Debug|Any CPU
		{1CCE8C25-2C71-4BA7-8483-162A3C2C280E}.Release|Any CPU.ActiveCfg = Release|Any CPU
		{1CCE8C25-2C71-4BA7-8483-162A3C2C280E}.Release|Any CPU.Build.0 = Release|Any CPU
		{FDEAF36D-D334-47FD-863C-A3335FA4C1A7}.Debug|Any CPU.ActiveCfg = Debug|Any CPU
		{FDEAF36D-D334-47FD-863C-A3335FA4C1A7}.Debug|Any CPU.Build.0 = Debug|Any CPU
		{FDEAF36D-D334-47FD-863C-A3335FA4C1A7}.Release|Any CPU.ActiveCfg = Release|Any CPU
		{FDEAF36D-D334-47FD-863C-A3335FA4C1A7}.Release|Any CPU.Build.0 = Release|Any CPU
		{5875EBB1-01BE-2D17-3613-D0BAD09CBB40}.Debug|Any CPU.ActiveCfg = Debug|Any CPU
		{5875EBB1-01BE-2D17-3613-D0BAD09CBB40}.Debug|Any CPU.Build.0 = Debug|Any CPU
		{5875EBB1-01BE-2D17-3613-D0BAD09CBB40}.Release|Any CPU.ActiveCfg = Release|Any CPU
		{5875EBB1-01BE-2D17-3613-D0BAD09CBB40}.Release|Any CPU.Build.0 = Release|Any CPU
		{6E30CA9C-96DA-4365-8527-C2700D006B6E}.Debug|Any CPU.ActiveCfg = Debug|Any CPU
		{6E30CA9C-96DA-4365-8527-C2700D006B6E}.Debug|Any CPU.Build.0 = Debug|Any CPU
		{6E30CA9C-96DA-4365-8527-C2700D006B6E}.Release|Any CPU.ActiveCfg = Release|Any CPU
		{6E30CA9C-96DA-4365-8527-C2700D006B6E}.Release|Any CPU.Build.0 = Release|Any CPU
		{FEE19A98-D706-49B7-95F4-84C05CCBED37}.Debug|Any CPU.ActiveCfg = Debug|Any CPU
		{FEE19A98-D706-49B7-95F4-84C05CCBED37}.Debug|Any CPU.Build.0 = Debug|Any CPU
		{FEE19A98-D706-49B7-95F4-84C05CCBED37}.Release|Any CPU.ActiveCfg = Release|Any CPU
		{FEE19A98-D706-49B7-95F4-84C05CCBED37}.Release|Any CPU.Build.0 = Release|Any CPU
		{93413769-59AD-4D37-87FC-F2E2314433E4}.Debug|Any CPU.ActiveCfg = Debug|Any CPU
		{93413769-59AD-4D37-87FC-F2E2314433E4}.Debug|Any CPU.Build.0 = Debug|Any CPU
		{93413769-59AD-4D37-87FC-F2E2314433E4}.Release|Any CPU.ActiveCfg = Release|Any CPU
		{93413769-59AD-4D37-87FC-F2E2314433E4}.Release|Any CPU.Build.0 = Release|Any CPU
		{7B6BE32A-77EE-4534-8832-E94869480459}.Debug|Any CPU.ActiveCfg = Debug|Any CPU
		{7B6BE32A-77EE-4534-8832-E94869480459}.Debug|Any CPU.Build.0 = Debug|Any CPU
		{7B6BE32A-77EE-4534-8832-E94869480459}.Release|Any CPU.ActiveCfg = Release|Any CPU
		{7B6BE32A-77EE-4534-8832-E94869480459}.Release|Any CPU.Build.0 = Release|Any CPU
		{CD860922-29DB-4B49-970C-F812CCDD33E6}.Debug|Any CPU.ActiveCfg = Debug|Any CPU
		{CD860922-29DB-4B49-970C-F812CCDD33E6}.Debug|Any CPU.Build.0 = Debug|Any CPU
		{CD860922-29DB-4B49-970C-F812CCDD33E6}.Release|Any CPU.ActiveCfg = Release|Any CPU
		{CD860922-29DB-4B49-970C-F812CCDD33E6}.Release|Any CPU.Build.0 = Release|Any CPU
	EndGlobalSection
	GlobalSection(SolutionProperties) = preSolution
		HideSolutionNode = FALSE
	EndGlobalSection
	GlobalSection(NestedProjects) = preSolution
		{D738E581-7699-4C8D-B965-92970C75C110} = {57296397-C1C2-4AA9-829B-2424EAD73460}
		{06FEB53F-CCB0-4A52-8C92-588AE33B52A3} = {57296397-C1C2-4AA9-829B-2424EAD73460}
		{829D715C-700C-418F-974C-72060A88EED7} = {B20FC982-E0BE-4893-A3B4-535C3E48EBE6}
		{1CCE8C25-2C71-4BA7-8483-162A3C2C280E} = {B20FC982-E0BE-4893-A3B4-535C3E48EBE6}
		{FDEAF36D-D334-47FD-863C-A3335FA4C1A7} = {76453F6E-3503-4212-88A6-F423292024B2}
		{5875EBB1-01BE-2D17-3613-D0BAD09CBB40} = {76453F6E-3503-4212-88A6-F423292024B2}
		{6E30CA9C-96DA-4365-8527-C2700D006B6E} = {7F23AF5F-04D4-4A6E-810C-4D68B51D64EA}
		{FEE19A98-D706-49B7-95F4-84C05CCBED37} = {57296397-C1C2-4AA9-829B-2424EAD73460}
		{93413769-59AD-4D37-87FC-F2E2314433E4} = {66FB66E3-739C-44E8-B692-B714F41C3641}
		{7B6BE32A-77EE-4534-8832-E94869480459} = {66FB66E3-739C-44E8-B692-B714F41C3641}
		{CD860922-29DB-4B49-970C-F812CCDD33E6} = {66FB66E3-739C-44E8-B692-B714F41C3641}
	EndGlobalSection
	GlobalSection(ExtensibilityGlobals) = postSolution
		SolutionGuid = {3299E570-76FA-4831-9150-C1CCF4CB50E0}
	EndGlobalSection
EndGlobal
